
Microsoft Visual Studio Solution File, Format Version 12.00
# Visual Studio Version 17
VisualStudioVersion = 17.0.31903.59
MinimumVisualStudioVersion = 10.0.40219.1
Project("{FAE04EC0-301F-11D3-BF4B-00C04F79EFBC}") = "CQRS.Core", "..\CQRS-ES\CQRS.Core\CQRS.Core.csproj", "{EA7AD8DF-BE28-477C-B144-20C14BD06F91}"
EndProject
Project("{2150E333-8FDC-42A3-9474-1A3956D46DE8}") = "Post.Cmd", "Post.Cmd", "{628A6728-8FD2-2F2B-CBE6-CFCE3CD15DEA}"
EndProject
Project("{FAE04EC0-301F-11D3-BF4B-00C04F79EFBC}") = "Post.Cmd.Api", "Post.Cmd\Post.Cmd.Api\Post.Cmd.Api.csproj", "{939D276B-033D-462B-9B6D-E0A2D30FE7C3}"
EndProject
Project("{FAE04EC0-301F-11D3-BF4B-00C04F79EFBC}") = "Post.Cmd.Domain", "Post.Cmd\Post.Cmd.Domain\Post.Cmd.Domain.csproj", "{42BC5A99-92A4-4140-943D-7C4F843B57F0}"
EndProject
Project("{FAE04EC0-301F-11D3-BF4B-00C04F79EFBC}") = "Post.Cmd.Infrastructure", "Post.Cmd\Post.Cmd.Infrastructure\Post.Cmd.Infrastructure.csproj", "{3C0ECA55-992F-43ED-BD3E-D093C6E86D30}"
EndProject
Project("{2150E333-8FDC-42A3-9474-1A3956D46DE8}") = "Post.Query", "Post.Query", "{0D502CB4-2678-4901-9B60-A74053C7BF91}"
EndProject
Project("{FAE04EC0-301F-11D3-BF4B-00C04F79EFBC}") = "Post.Query.Api", "Post.Query\Post.Query.Api\Post.Query.Api.csproj", "{340BD752-1A2B-4FD9-8736-250460D73354}"
EndProject
Project("{FAE04EC0-301F-11D3-BF4B-00C04F79EFBC}") = "Post.Query.Infrastructure", "Post.Query\Post.Query.Infrastructure\Post.Query.Infrastructure.csproj", "{401D07B4-E053-4673-BA86-3C284498A19D}"
EndProject
Project("{FAE04EC0-301F-11D3-BF4B-00C04F79EFBC}") = "Post.Query.Domain", "Post.Query\Post.Query.Domain\Post.Query.Domain.csproj", "{9C07CC40-65EB-428F-8812-39C906EDCDE7}"
EndProject
Project("{FAE04EC0-301F-11D3-BF4B-00C04F79EFBC}") = "Post.Common", "Post.Common\Post.Common.csproj", "{F4F5655E-EFA8-4E7E-87FD-ACB6C2E70E85}"
EndProject
Project("{FAE04EC0-301F-11D3-BF4B-00C04F79EFBC}") = "CQRS.Tests", "CQRS.Tests\CQRS.Tests.csproj", "{0D7FDBF0-4D6E-4385-B3C1-8796E51124C9}"
EndProject
Global
	GlobalSection(SolutionConfigurationPlatforms) = preSolution
		Debug|Any CPU = Debug|Any CPU
		Debug|x64 = Debug|x64
		Debug|x86 = Debug|x86
		Release|Any CPU = Release|Any CPU
		Release|x64 = Release|x64
		Release|x86 = Release|x86
	EndGlobalSection
	GlobalSection(ProjectConfigurationPlatforms) = postSolution
		{EA7AD8DF-BE28-477C-B144-20C14BD06F91}.Debug|Any CPU.ActiveCfg = Debug|Any CPU
		{EA7AD8DF-BE28-477C-B144-20C14BD06F91}.Debug|Any CPU.Build.0 = Debug|Any CPU
		{EA7AD8DF-BE28-477C-B144-20C14BD06F91}.Debug|x64.ActiveCfg = Debug|Any CPU
		{EA7AD8DF-BE28-477C-B144-20C14BD06F91}.Debug|x64.Build.0 = Debug|Any CPU
		{EA7AD8DF-BE28-477C-B144-20C14BD06F91}.Debug|x86.ActiveCfg = Debug|Any CPU
		{EA7AD8DF-BE28-477C-B144-20C14BD06F91}.Debug|x86.Build.0 = Debug|Any CPU
		{EA7AD8DF-BE28-477C-B144-20C14BD06F91}.Release|Any CPU.ActiveCfg = Release|Any CPU
		{EA7AD8DF-BE28-477C-B144-20C14BD06F91}.Release|Any CPU.Build.0 = Release|Any CPU
		{EA7AD8DF-BE28-477C-B144-20C14BD06F91}.Release|x64.ActiveCfg = Release|Any CPU
		{EA7AD8DF-BE28-477C-B144-20C14BD06F91}.Release|x64.Build.0 = Release|Any CPU
		{EA7AD8DF-BE28-477C-B144-20C14BD06F91}.Release|x86.ActiveCfg = Release|Any CPU
		{EA7AD8DF-BE28-477C-B144-20C14BD06F91}.Release|x86.Build.0 = Release|Any CPU
		{939D276B-033D-462B-9B6D-E0A2D30FE7C3}.Debug|Any CPU.ActiveCfg = Debug|Any CPU
		{939D276B-033D-462B-9B6D-E0A2D30FE7C3}.Debug|Any CPU.Build.0 = Debug|Any CPU
		{939D276B-033D-462B-9B6D-E0A2D30FE7C3}.Debug|x64.ActiveCfg = Debug|Any CPU
		{939D276B-033D-462B-9B6D-E0A2D30FE7C3}.Debug|x64.Build.0 = Debug|Any CPU
		{939D276B-033D-462B-9B6D-E0A2D30FE7C3}.Debug|x86.ActiveCfg = Debug|Any CPU
		{939D276B-033D-462B-9B6D-E0A2D30FE7C3}.Debug|x86.Build.0 = Debug|Any CPU
		{939D276B-033D-462B-9B6D-E0A2D30FE7C3}.Release|Any CPU.ActiveCfg = Release|Any CPU
		{939D276B-033D-462B-9B6D-E0A2D30FE7C3}.Release|Any CPU.Build.0 = Release|Any CPU
		{939D276B-033D-462B-9B6D-E0A2D30FE7C3}.Release|x64.ActiveCfg = Release|Any CPU
		{939D276B-033D-462B-9B6D-E0A2D30FE7C3}.Release|x64.Build.0 = Release|Any CPU
		{939D276B-033D-462B-9B6D-E0A2D30FE7C3}.Release|x86.ActiveCfg = Release|Any CPU
		{939D276B-033D-462B-9B6D-E0A2D30FE7C3}.Release|x86.Build.0 = Release|Any CPU
		{42BC5A99-92A4-4140-943D-7C4F843B57F0}.Debug|Any CPU.ActiveCfg = Debug|Any CPU
		{42BC5A99-92A4-4140-943D-7C4F843B57F0}.Debug|Any CPU.Build.0 = Debug|Any CPU
		{42BC5A99-92A4-4140-943D-7C4F843B57F0}.Debug|x64.ActiveCfg = Debug|Any CPU
		{42BC5A99-92A4-4140-943D-7C4F843B57F0}.Debug|x64.Build.0 = Debug|Any CPU
		{42BC5A99-92A4-4140-943D-7C4F843B57F0}.Debug|x86.ActiveCfg = Debug|Any CPU
		{42BC5A99-92A4-4140-943D-7C4F843B57F0}.Debug|x86.Build.0 = Debug|Any CPU
		{42BC5A99-92A4-4140-943D-7C4F843B57F0}.Release|Any CPU.ActiveCfg = Release|Any CPU
		{42BC5A99-92A4-4140-943D-7C4F843B57F0}.Release|Any CPU.Build.0 = Release|Any CPU
		{42BC5A99-92A4-4140-943D-7C4F843B57F0}.Release|x64.ActiveCfg = Release|Any CPU
		{42BC5A99-92A4-4140-943D-7C4F843B57F0}.Release|x64.Build.0 = Release|Any CPU
		{42BC5A99-92A4-4140-943D-7C4F843B57F0}.Release|x86.ActiveCfg = Release|Any CPU
		{42BC5A99-92A4-4140-943D-7C4F843B57F0}.Release|x86.Build.0 = Release|Any CPU
		{3C0ECA55-992F-43ED-BD3E-D093C6E86D30}.Debug|Any CPU.ActiveCfg = Debug|Any CPU
		{3C0ECA55-992F-43ED-BD3E-D093C6E86D30}.Debug|Any CPU.Build.0 = Debug|Any CPU
		{3C0ECA55-992F-43ED-BD3E-D093C6E86D30}.Debug|x64.ActiveCfg = Debug|Any CPU
		{3C0ECA55-992F-43ED-BD3E-D093C6E86D30}.Debug|x64.Build.0 = Debug|Any CPU
		{3C0ECA55-992F-43ED-BD3E-D093C6E86D30}.Debug|x86.ActiveCfg = Debug|Any CPU
		{3C0ECA55-992F-43ED-BD3E-D093C6E86D30}.Debug|x86.Build.0 = Debug|Any CPU
		{3C0ECA55-992F-43ED-BD3E-D093C6E86D30}.Release|Any CPU.ActiveCfg = Release|Any CPU
		{3C0ECA55-992F-43ED-BD3E-D093C6E86D30}.Release|Any CPU.Build.0 = Release|Any CPU
		{3C0ECA55-992F-43ED-BD3E-D093C6E86D30}.Release|x64.ActiveCfg = Release|Any CPU
		{3C0ECA55-992F-43ED-BD3E-D093C6E86D30}.Release|x64.Build.0 = Release|Any CPU
		{3C0ECA55-992F-43ED-BD3E-D093C6E86D30}.Release|x86.ActiveCfg = Release|Any CPU
		{3C0ECA55-992F-43ED-BD3E-D093C6E86D30}.Release|x86.Build.0 = Release|Any CPU
		{340BD752-1A2B-4FD9-8736-250460D73354}.Debug|Any CPU.ActiveCfg = Debug|Any CPU
		{340BD752-1A2B-4FD9-8736-250460D73354}.Debug|Any CPU.Build.0 = Debug|Any CPU
		{340BD752-1A2B-4FD9-8736-250460D73354}.Debug|x64.ActiveCfg = Debug|Any CPU
		{340BD752-1A2B-4FD9-8736-250460D73354}.Debug|x64.Build.0 = Debug|Any CPU
		{340BD752-1A2B-4FD9-8736-250460D73354}.Debug|x86.ActiveCfg = Debug|Any CPU
		{340BD752-1A2B-4FD9-8736-250460D73354}.Debug|x86.Build.0 = Debug|Any CPU
		{340BD752-1A2B-4FD9-8736-250460D73354}.Release|Any CPU.ActiveCfg = Release|Any CPU
		{340BD752-1A2B-4FD9-8736-250460D73354}.Release|Any CPU.Build.0 = Release|Any CPU
		{340BD752-1A2B-4FD9-8736-250460D73354}.Release|x64.ActiveCfg = Release|Any CPU
		{340BD752-1A2B-4FD9-8736-250460D73354}.Release|x64.Build.0 = Release|Any CPU
		{340BD752-1A2B-4FD9-8736-250460D73354}.Release|x86.ActiveCfg = Release|Any CPU
		{340BD752-1A2B-4FD9-8736-250460D73354}.Release|x86.Build.0 = Release|Any CPU
		{401D07B4-E053-4673-BA86-3C284498A19D}.Debug|Any CPU.ActiveCfg = Debug|Any CPU
		{401D07B4-E053-4673-BA86-3C284498A19D}.Debug|Any CPU.Build.0 = Debug|Any CPU
		{401D07B4-E053-4673-BA86-3C284498A19D}.Debug|x64.ActiveCfg = Debug|Any CPU
		{401D07B4-E053-4673-BA86-3C284498A19D}.Debug|x64.Build.0 = Debug|Any CPU
		{401D07B4-E053-4673-BA86-3C284498A19D}.Debug|x86.ActiveCfg = Debug|Any CPU
		{401D07B4-E053-4673-BA86-3C284498A19D}.Debug|x86.Build.0 = Debug|Any CPU
		{401D07B4-E053-4673-BA86-3C284498A19D}.Release|Any CPU.ActiveCfg = Release|Any CPU
		{401D07B4-E053-4673-BA86-3C284498A19D}.Release|Any CPU.Build.0 = Release|Any CPU
		{401D07B4-E053-4673-BA86-3C284498A19D}.Release|x64.ActiveCfg = Release|Any CPU
		{401D07B4-E053-4673-BA86-3C284498A19D}.Release|x64.Build.0 = Release|Any CPU
		{401D07B4-E053-4673-BA86-3C284498A19D}.Release|x86.ActiveCfg = Release|Any CPU
		{401D07B4-E053-4673-BA86-3C284498A19D}.Release|x86.Build.0 = Release|Any CPU
		{9C07CC40-65EB-428F-8812-39C906EDCDE7}.Debug|Any CPU.ActiveCfg = Debug|Any CPU
		{9C07CC40-65EB-428F-8812-39C906EDCDE7}.Debug|Any CPU.Build.0 = Debug|Any CPU
		{9C07CC40-65EB-428F-8812-39C906EDCDE7}.Debug|x64.ActiveCfg = Debug|Any CPU
		{9C07CC40-65EB-428F-8812-39C906EDCDE7}.Debug|x64.Build.0 = Debug|Any CPU
		{9C07CC40-65EB-428F-8812-39C906EDCDE7}.Debug|x86.ActiveCfg = Debug|Any CPU
		{9C07CC40-65EB-428F-8812-39C906EDCDE7}.Debug|x86.Build.0 = Debug|Any CPU
		{9C07CC40-65EB-428F-8812-39C906EDCDE7}.Release|Any CPU.ActiveCfg = Release|Any CPU
		{9C07CC40-65EB-428F-8812-39C906EDCDE7}.Release|Any CPU.Build.0 = Release|Any CPU
		{9C07CC40-65EB-428F-8812-39C906EDCDE7}.Release|x64.ActiveCfg = Release|Any CPU
		{9C07CC40-65EB-428F-8812-39C906EDCDE7}.Release|x64.Build.0 = Release|Any CPU
		{9C07CC40-65EB-428F-8812-39C906EDCDE7}.Release|x86.ActiveCfg = Release|Any CPU
		{9C07CC40-65EB-428F-8812-39C906EDCDE7}.Release|x86.Build.0 = Release|Any CPU
		{F4F5655E-EFA8-4E7E-87FD-ACB6C2E70E85}.Debug|Any CPU.ActiveCfg = Debug|Any CPU
		{F4F5655E-EFA8-4E7E-87FD-ACB6C2E70E85}.Debug|Any CPU.Build.0 = Debug|Any CPU
		{F4F5655E-EFA8-4E7E-87FD-ACB6C2E70E85}.Debug|x64.ActiveCfg = Debug|Any CPU
		{F4F5655E-EFA8-4E7E-87FD-ACB6C2E70E85}.Debug|x64.Build.0 = Debug|Any CPU
		{F4F5655E-EFA8-4E7E-87FD-ACB6C2E70E85}.Debug|x86.ActiveCfg = Debug|Any CPU
		{F4F5655E-EFA8-4E7E-87FD-ACB6C2E70E85}.Debug|x86.Build.0 = Debug|Any CPU
		{F4F5655E-EFA8-4E7E-87FD-ACB6C2E70E85}.Release|Any CPU.ActiveCfg = Release|Any CPU
		{F4F5655E-EFA8-4E7E-87FD-ACB6C2E70E85}.Release|Any CPU.Build.0 = Release|Any CPU
		{F4F5655E-EFA8-4E7E-87FD-ACB6C2E70E85}.Release|x64.ActiveCfg = Release|Any CPU
		{F4F5655E-EFA8-4E7E-87FD-ACB6C2E70E85}.Release|x64.Build.0 = Release|Any CPU
		{F4F5655E-EFA8-4E7E-87FD-ACB6C2E70E85}.Release|x86.ActiveCfg = Release|Any CPU
		{F4F5655E-EFA8-4E7E-87FD-ACB6C2E70E85}.Release|x86.Build.0 = Release|Any CPU
		{0D7FDBF0-4D6E-4385-B3C1-8796E51124C9}.Debug|Any CPU.ActiveCfg = Debug|Any CPU
		{0D7FDBF0-4D6E-4385-B3C1-8796E51124C9}.Debug|Any CPU.Build.0 = Debug|Any CPU
		{0D7FDBF0-4D6E-4385-B3C1-8796E51124C9}.Debug|x64.ActiveCfg = Debug|Any CPU
		{0D7FDBF0-4D6E-4385-B3C1-8796E51124C9}.Debug|x64.Build.0 = Debug|Any CPU
		{0D7FDBF0-4D6E-4385-B3C1-8796E51124C9}.Debug|x86.ActiveCfg = Debug|Any CPU
		{0D7FDBF0-4D6E-4385-B3C1-8796E51124C9}.Debug|x86.Build.0 = Debug|Any CPU
		{0D7FDBF0-4D6E-4385-B3C1-8796E51124C9}.Release|Any CPU.ActiveCfg = Release|Any CPU
		{0D7FDBF0-4D6E-4385-B3C1-8796E51124C9}.Release|Any CPU.Build.0 = Release|Any CPU
		{0D7FDBF0-4D6E-4385-B3C1-8796E51124C9}.Release|x64.ActiveCfg = Release|Any CPU
		{0D7FDBF0-4D6E-4385-B3C1-8796E51124C9}.Release|x64.Build.0 = Release|Any CPU
		{0D7FDBF0-4D6E-4385-B3C1-8796E51124C9}.Release|x86.ActiveCfg = Release|Any CPU
		{0D7FDBF0-4D6E-4385-B3C1-8796E51124C9}.Release|x86.Build.0 = Release|Any CPU
	EndGlobalSection
	GlobalSection(SolutionProperties) = preSolution
		HideSolutionNode = FALSE
	EndGlobalSection
	GlobalSection(NestedProjects) = preSolution
		{939D276B-033D-462B-9B6D-E0A2D30FE7C3} = {628A6728-8FD2-2F2B-CBE6-CFCE3CD15DEA}
		{42BC5A99-92A4-4140-943D-7C4F843B57F0} = {628A6728-8FD2-2F2B-CBE6-CFCE3CD15DEA}
		{3C0ECA55-992F-43ED-BD3E-D093C6E86D30} = {628A6728-8FD2-2F2B-CBE6-CFCE3CD15DEA}
		{340BD752-1A2B-4FD9-8736-250460D73354} = {0D502CB4-2678-4901-9B60-A74053C7BF91}
		{401D07B4-E053-4673-BA86-3C284498A19D} = {0D502CB4-2678-4901-9B60-A74053C7BF91}
		{9C07CC40-65EB-428F-8812-39C906EDCDE7} = {0D502CB4-2678-4901-9B60-A74053C7BF91}
	EndGlobalSection
EndGlobal
